
Microsoft Visual Studio Solution File, Format Version 12.00
# Visual Studio 15
VisualStudioVersion = 15.0.28307.329
MinimumVisualStudioVersion = 10.0.40219.1
Project("{FAE04EC0-301F-11D3-BF4B-00C04F79EFBC}") = "lab_02", "lab_02\lab_02.csproj", "{1C3DF1AF-E883-4CA2-B337-D6BD059D717D}"
EndProject
Project("{FAE04EC0-301F-11D3-BF4B-00C04F79EFBC}") = "lab_03_oop", "lab_03_oop\lab_03_oop.csproj", "{0F30993C-DDD5-41C6-8D44-DF39CC31003F}"
EndProject
Project("{FAE04EC0-301F-11D3-BF4B-00C04F79EFBC}") = "lab_04_array", "lab_04_array\lab_04_array.csproj", "{576DD6C4-732D-4ABC-A9E7-2CF517E18B0B}"
EndProject
Project("{FAE04EC0-301F-11D3-BF4B-00C04F79EFBC}") = "lab_04_test", "lab_04_test\lab_04_test.csproj", "{C30C4543-38EA-4DE3-B718-F17352734D89}"
EndProject
Project("{FAE04EC0-301F-11D3-BF4B-00C04F79EFBC}") = "Lab_05_collections", "Lab_05_collections\Lab_05_collections.csproj", "{A9C2EC5A-75A2-4322-8F53-E95A4D81220A}"
EndProject
Project("{FAE04EC0-301F-11D3-BF4B-00C04F79EFBC}") = "lab_5a_arrayList", "lab_5a_arrayList\lab_5a_arrayList.csproj", "{AD51662C-385B-43E8-A3CA-85BB8C291D66}"
EndProject
Project("{FAE04EC0-301F-11D3-BF4B-00C04F79EFBC}") = "lab_5a_dictionary", "lab_5a_dictionary\lab_5a_dictionary.csproj", "{43C623D9-1C90-4A0A-9591-669058956E56}"
EndProject
Project("{FAE04EC0-301F-11D3-BF4B-00C04F79EFBC}") = "CollectionTest", "CollectionTest\CollectionTest.csproj", "{38EBB961-CF8E-42FF-B3E7-E5B3DD71337C}"
EndProject
Project("{FAE04EC0-301F-11D3-BF4B-00C04F79EFBC}") = "collections", "collections\collections.csproj", "{84B594E2-DBA4-4AE5-9E15-9FD5D3FFBDDF}"
EndProject
Project("{FAE04EC0-301F-11D3-BF4B-00C04F79EFBC}") = "lab_102_speed-typing_GUI_01", "lab_06_wpf\lab_102_speed-typing_GUI_01.csproj", "{4FEE10D4-B600-4154-AB33-9070E2CD85DF}"
EndProject
Project("{FAE04EC0-301F-11D3-BF4B-00C04F79EFBC}") = "lab_07_files", "lab_07_files\lab_07_files.csproj", "{CE8F9254-6961-4393-B4BA-FDBDDC5EF4BC}"
EndProject
Project("{FAE04EC0-301F-11D3-BF4B-00C04F79EFBC}") = "WpfControlLibrary1", "WpfControlLibrary1\WpfControlLibrary1.csproj", "{7748F32E-0E4C-4EE7-B9E2-C3B828928858}"
EndProject
Project("{FAE04EC0-301F-11D3-BF4B-00C04F79EFBC}") = "lab_08_files", "lab_08_files\lab_08_files.csproj", "{AE151432-CE82-4168-A55B-57A7D891CD38}"
EndProject
Project("{FAE04EC0-301F-11D3-BF4B-00C04F79EFBC}") = "lab_101_speed-typing_01", "touch-type\lab_101_speed-typing_01.csproj", "{6C9B1D1E-3EDA-46DB-912C-2AD7A529816B}"
EndProject
Project("{FAE04EC0-301F-11D3-BF4B-00C04F79EFBC}") = "lab_103_production-line_01", "random_person\lab_103_production-line_01.csproj", "{1EB5FDA2-76F8-44D2-93AE-4E784EC423F2}"
EndProject
Project("{FAE04EC0-301F-11D3-BF4B-00C04F79EFBC}") = "lab_104_array_list_queue_stack_dict_01", "lab_104_array_list_queue_stack_dict_01\lab_104_array_list_queue_stack_dict_01.csproj", "{FB3CCAEF-442B-4EDD-96A6-751C82D5A519}"
EndProject
Project("{FAE04EC0-301F-11D3-BF4B-00C04F79EFBC}") = "lab_09_xml", "lab_09_xml\lab_09_xml.csproj", "{1A101D78-6612-4510-80DE-582517EE4FD9}"
EndProject
Project("{FAE04EC0-301F-11D3-BF4B-00C04F79EFBC}") = "lab_105_game_name_and_score_01", "lab_105_game_name_and_score_01\lab_105_game_name_and_score_01.csproj", "{423941DF-B7CF-48E3-9451-429F534788FE}"
EndProject
Project("{FAE04EC0-301F-11D3-BF4B-00C04F79EFBC}") = "lab_107_list-folders_01", "lab_107_list-folders_01\lab_107_list-folders_01.csproj", "{07E41E45-890F-488D-BE3E-1A1795E85126}"
EndProject
Project("{FAE04EC0-301F-11D3-BF4B-00C04F79EFBC}") = "lab_109_new_file_with_content_01", "lab_109_new_file_with_content_01\lab_109_new_file_with_content_01.csproj", "{11082A79-5F5C-4053-BF15-422373C92FBB}"
EndProject
Project("{FAE04EC0-301F-11D3-BF4B-00C04F79EFBC}") = "lab_108_list-files-and-folders_01", "lab_108_list-files-and-folders_01\lab_108_list-files-and-folders_01.csproj", "{02B844BB-C40F-47E7-A0A2-C94EB0957558}"
EndProject
Project("{FAE04EC0-301F-11D3-BF4B-00C04F79EFBC}") = "lab_106_game_increase_score_01", "lab_106_game_increase_score_01\lab_106_game_increase_score_01.csproj", "{00AF81AD-6556-4B6F-B9C7-C2A2BF5E9575}"
EndProject
Global
	GlobalSection(SolutionConfigurationPlatforms) = preSolution
		Debug|Any CPU = Debug|Any CPU
		Release|Any CPU = Release|Any CPU
	EndGlobalSection
	GlobalSection(ProjectConfigurationPlatforms) = postSolution
		{1C3DF1AF-E883-4CA2-B337-D6BD059D717D}.Debug|Any CPU.ActiveCfg = Debug|Any CPU
		{1C3DF1AF-E883-4CA2-B337-D6BD059D717D}.Debug|Any CPU.Build.0 = Debug|Any CPU
		{1C3DF1AF-E883-4CA2-B337-D6BD059D717D}.Release|Any CPU.ActiveCfg = Release|Any CPU
		{1C3DF1AF-E883-4CA2-B337-D6BD059D717D}.Release|Any CPU.Build.0 = Release|Any CPU
		{0F30993C-DDD5-41C6-8D44-DF39CC31003F}.Debug|Any CPU.ActiveCfg = Debug|Any CPU
		{0F30993C-DDD5-41C6-8D44-DF39CC31003F}.Debug|Any CPU.Build.0 = Debug|Any CPU
		{0F30993C-DDD5-41C6-8D44-DF39CC31003F}.Release|Any CPU.ActiveCfg = Release|Any CPU
		{0F30993C-DDD5-41C6-8D44-DF39CC31003F}.Release|Any CPU.Build.0 = Release|Any CPU
		{576DD6C4-732D-4ABC-A9E7-2CF517E18B0B}.Debug|Any CPU.ActiveCfg = Debug|Any CPU
		{576DD6C4-732D-4ABC-A9E7-2CF517E18B0B}.Debug|Any CPU.Build.0 = Debug|Any CPU
		{576DD6C4-732D-4ABC-A9E7-2CF517E18B0B}.Release|Any CPU.ActiveCfg = Release|Any CPU
		{576DD6C4-732D-4ABC-A9E7-2CF517E18B0B}.Release|Any CPU.Build.0 = Release|Any CPU
		{C30C4543-38EA-4DE3-B718-F17352734D89}.Debug|Any CPU.ActiveCfg = Debug|Any CPU
		{C30C4543-38EA-4DE3-B718-F17352734D89}.Debug|Any CPU.Build.0 = Debug|Any CPU
		{C30C4543-38EA-4DE3-B718-F17352734D89}.Release|Any CPU.ActiveCfg = Release|Any CPU
		{C30C4543-38EA-4DE3-B718-F17352734D89}.Release|Any CPU.Build.0 = Release|Any CPU
		{A9C2EC5A-75A2-4322-8F53-E95A4D81220A}.Debug|Any CPU.ActiveCfg = Debug|Any CPU
		{A9C2EC5A-75A2-4322-8F53-E95A4D81220A}.Debug|Any CPU.Build.0 = Debug|Any CPU
		{A9C2EC5A-75A2-4322-8F53-E95A4D81220A}.Release|Any CPU.ActiveCfg = Release|Any CPU
		{A9C2EC5A-75A2-4322-8F53-E95A4D81220A}.Release|Any CPU.Build.0 = Release|Any CPU
		{AD51662C-385B-43E8-A3CA-85BB8C291D66}.Debug|Any CPU.ActiveCfg = Debug|Any CPU
		{AD51662C-385B-43E8-A3CA-85BB8C291D66}.Debug|Any CPU.Build.0 = Debug|Any CPU
		{AD51662C-385B-43E8-A3CA-85BB8C291D66}.Release|Any CPU.ActiveCfg = Release|Any CPU
		{AD51662C-385B-43E8-A3CA-85BB8C291D66}.Release|Any CPU.Build.0 = Release|Any CPU
		{43C623D9-1C90-4A0A-9591-669058956E56}.Debug|Any CPU.ActiveCfg = Debug|Any CPU
		{43C623D9-1C90-4A0A-9591-669058956E56}.Debug|Any CPU.Build.0 = Debug|Any CPU
		{43C623D9-1C90-4A0A-9591-669058956E56}.Release|Any CPU.ActiveCfg = Release|Any CPU
		{43C623D9-1C90-4A0A-9591-669058956E56}.Release|Any CPU.Build.0 = Release|Any CPU
		{38EBB961-CF8E-42FF-B3E7-E5B3DD71337C}.Debug|Any CPU.ActiveCfg = Debug|Any CPU
		{38EBB961-CF8E-42FF-B3E7-E5B3DD71337C}.Debug|Any CPU.Build.0 = Debug|Any CPU
		{38EBB961-CF8E-42FF-B3E7-E5B3DD71337C}.Release|Any CPU.ActiveCfg = Release|Any CPU
		{38EBB961-CF8E-42FF-B3E7-E5B3DD71337C}.Release|Any CPU.Build.0 = Release|Any CPU
		{84B594E2-DBA4-4AE5-9E15-9FD5D3FFBDDF}.Debug|Any CPU.ActiveCfg = Debug|Any CPU
		{84B594E2-DBA4-4AE5-9E15-9FD5D3FFBDDF}.Debug|Any CPU.Build.0 = Debug|Any CPU
		{84B594E2-DBA4-4AE5-9E15-9FD5D3FFBDDF}.Release|Any CPU.ActiveCfg = Release|Any CPU
		{84B594E2-DBA4-4AE5-9E15-9FD5D3FFBDDF}.Release|Any CPU.Build.0 = Release|Any CPU
		{4FEE10D4-B600-4154-AB33-9070E2CD85DF}.Debug|Any CPU.ActiveCfg = Debug|Any CPU
		{4FEE10D4-B600-4154-AB33-9070E2CD85DF}.Debug|Any CPU.Build.0 = Debug|Any CPU
		{4FEE10D4-B600-4154-AB33-9070E2CD85DF}.Release|Any CPU.ActiveCfg = Release|Any CPU
		{4FEE10D4-B600-4154-AB33-9070E2CD85DF}.Release|Any CPU.Build.0 = Release|Any CPU
		{CE8F9254-6961-4393-B4BA-FDBDDC5EF4BC}.Debug|Any CPU.ActiveCfg = Debug|Any CPU
		{CE8F9254-6961-4393-B4BA-FDBDDC5EF4BC}.Debug|Any CPU.Build.0 = Debug|Any CPU
		{CE8F9254-6961-4393-B4BA-FDBDDC5EF4BC}.Release|Any CPU.ActiveCfg = Release|Any CPU
		{CE8F9254-6961-4393-B4BA-FDBDDC5EF4BC}.Release|Any CPU.Build.0 = Release|Any CPU
		{7748F32E-0E4C-4EE7-B9E2-C3B828928858}.Debug|Any CPU.ActiveCfg = Debug|Any CPU
		{7748F32E-0E4C-4EE7-B9E2-C3B828928858}.Debug|Any CPU.Build.0 = Debug|Any CPU
		{7748F32E-0E4C-4EE7-B9E2-C3B828928858}.Release|Any CPU.ActiveCfg = Release|Any CPU
		{7748F32E-0E4C-4EE7-B9E2-C3B828928858}.Release|Any CPU.Build.0 = Release|Any CPU
		{AE151432-CE82-4168-A55B-57A7D891CD38}.Debug|Any CPU.ActiveCfg = Debug|Any CPU
		{AE151432-CE82-4168-A55B-57A7D891CD38}.Debug|Any CPU.Build.0 = Debug|Any CPU
		{AE151432-CE82-4168-A55B-57A7D891CD38}.Release|Any CPU.ActiveCfg = Release|Any CPU
		{AE151432-CE82-4168-A55B-57A7D891CD38}.Release|Any CPU.Build.0 = Release|Any CPU
		{6C9B1D1E-3EDA-46DB-912C-2AD7A529816B}.Debug|Any CPU.ActiveCfg = Debug|Any CPU
		{6C9B1D1E-3EDA-46DB-912C-2AD7A529816B}.Debug|Any CPU.Build.0 = Debug|Any CPU
		{6C9B1D1E-3EDA-46DB-912C-2AD7A529816B}.Release|Any CPU.ActiveCfg = Release|Any CPU
		{6C9B1D1E-3EDA-46DB-912C-2AD7A529816B}.Release|Any CPU.Build.0 = Release|Any CPU
		{1EB5FDA2-76F8-44D2-93AE-4E784EC423F2}.Debug|Any CPU.ActiveCfg = Debug|Any CPU
		{1EB5FDA2-76F8-44D2-93AE-4E784EC423F2}.Debug|Any CPU.Build.0 = Debug|Any CPU
		{1EB5FDA2-76F8-44D2-93AE-4E784EC423F2}.Release|Any CPU.ActiveCfg = Release|Any CPU
		{1EB5FDA2-76F8-44D2-93AE-4E784EC423F2}.Release|Any CPU.Build.0 = Release|Any CPU
		{FB3CCAEF-442B-4EDD-96A6-751C82D5A519}.Debug|Any CPU.ActiveCfg = Debug|Any CPU
		{FB3CCAEF-442B-4EDD-96A6-751C82D5A519}.Debug|Any CPU.Build.0 = Debug|Any CPU
		{FB3CCAEF-442B-4EDD-96A6-751C82D5A519}.Release|Any CPU.ActiveCfg = Release|Any CPU
		{FB3CCAEF-442B-4EDD-96A6-751C82D5A519}.Release|Any CPU.Build.0 = Release|Any CPU
		{1A101D78-6612-4510-80DE-582517EE4FD9}.Debug|Any CPU.ActiveCfg = Debug|Any CPU
		{1A101D78-6612-4510-80DE-582517EE4FD9}.Debug|Any CPU.Build.0 = Debug|Any CPU
		{1A101D78-6612-4510-80DE-582517EE4FD9}.Release|Any CPU.ActiveCfg = Release|Any CPU
		{1A101D78-6612-4510-80DE-582517EE4FD9}.Release|Any CPU.Build.0 = Release|Any CPU
		{423941DF-B7CF-48E3-9451-429F534788FE}.Debug|Any CPU.ActiveCfg = Debug|Any CPU
		{423941DF-B7CF-48E3-9451-429F534788FE}.Debug|Any CPU.Build.0 = Debug|Any CPU
		{423941DF-B7CF-48E3-9451-429F534788FE}.Release|Any CPU.ActiveCfg = Release|Any CPU
		{423941DF-B7CF-48E3-9451-429F534788FE}.Release|Any CPU.Build.0 = Release|Any CPU
		{07E41E45-890F-488D-BE3E-1A1795E85126}.Debug|Any CPU.ActiveCfg = Debug|Any CPU
		{07E41E45-890F-488D-BE3E-1A1795E85126}.Debug|Any CPU.Build.0 = Debug|Any CPU
		{07E41E45-890F-488D-BE3E-1A1795E85126}.Release|Any CPU.ActiveCfg = Release|Any CPU
		{07E41E45-890F-488D-BE3E-1A1795E85126}.Release|Any CPU.Build.0 = Release|Any CPU
		{11082A79-5F5C-4053-BF15-422373C92FBB}.Debug|Any CPU.ActiveCfg = Debug|Any CPU
		{11082A79-5F5C-4053-BF15-422373C92FBB}.Debug|Any CPU.Build.0 = Debug|Any CPU
		{11082A79-5F5C-4053-BF15-422373C92FBB}.Release|Any CPU.ActiveCfg = Release|Any CPU
		{11082A79-5F5C-4053-BF15-422373C92FBB}.Release|Any CPU.Build.0 = Release|Any CPU
		{02B844BB-C40F-47E7-A0A2-C94EB0957558}.Debug|Any CPU.ActiveCfg = Debug|Any CPU
		{02B844BB-C40F-47E7-A0A2-C94EB0957558}.Debug|Any CPU.Build.0 = Debug|Any CPU
		{02B844BB-C40F-47E7-A0A2-C94EB0957558}.Release|Any CPU.ActiveCfg = Release|Any CPU
		{02B844BB-C40F-47E7-A0A2-C94EB0957558}.Release|Any CPU.Build.0 = Release|Any CPU
		{00AF81AD-6556-4B6F-B9C7-C2A2BF5E9575}.Debug|Any CPU.ActiveCfg = Debug|Any CPU
		{00AF81AD-6556-4B6F-B9C7-C2A2BF5E9575}.Debug|Any CPU.Build.0 = Debug|Any CPU
		{00AF81AD-6556-4B6F-B9C7-C2A2BF5E9575}.Release|Any CPU.ActiveCfg = Release|Any CPU
		{00AF81AD-6556-4B6F-B9C7-C2A2BF5E9575}.Release|Any CPU.Build.0 = Release|Any CPU
	EndGlobalSection
	GlobalSection(SolutionProperties) = preSolution
		HideSolutionNode = FALSE
	EndGlobalSection
	GlobalSection(ExtensibilityGlobals) = postSolution
		SolutionGuid = {7455242D-A591-4D69-A120-F655A79316E0}
	EndGlobalSection
EndGlobal
