
Microsoft Visual Studio Solution File, Format Version 12.00
# Visual Studio 15
VisualStudioVersion = 15.0.28307.329
MinimumVisualStudioVersion = 10.0.40219.1
Project("{FAE04EC0-301F-11D3-BF4B-00C04F79EFBC}") = "lab_02", "lab_02\lab_02.csproj", "{1C3DF1AF-E883-4CA2-B337-D6BD059D717D}"
EndProject
Project("{FAE04EC0-301F-11D3-BF4B-00C04F79EFBC}") = "lab_03_oop", "lab_03_oop\lab_03_oop.csproj", "{0F30993C-DDD5-41C6-8D44-DF39CC31003F}"
EndProject
Project("{FAE04EC0-301F-11D3-BF4B-00C04F79EFBC}") = "lab_04_array", "lab_04_array\lab_04_array.csproj", "{576DD6C4-732D-4ABC-A9E7-2CF517E18B0B}"
EndProject
Project("{FAE04EC0-301F-11D3-BF4B-00C04F79EFBC}") = "lab_04_test", "lab_04_test\lab_04_test.csproj", "{C30C4543-38EA-4DE3-B718-F17352734D89}"
EndProject
Project("{FAE04EC0-301F-11D3-BF4B-00C04F79EFBC}") = "Lab_05_collections", "Lab_05_collections\Lab_05_collections.csproj", "{A9C2EC5A-75A2-4322-8F53-E95A4D81220A}"
EndProject
Project("{FAE04EC0-301F-11D3-BF4B-00C04F79EFBC}") = "lab_5a_arrayList", "lab_5a_arrayList\lab_5a_arrayList.csproj", "{AD51662C-385B-43E8-A3CA-85BB8C291D66}"
EndProject
Project("{FAE04EC0-301F-11D3-BF4B-00C04F79EFBC}") = "lab_5a_dictionary", "lab_5a_dictionary\lab_5a_dictionary.csproj", "{43C623D9-1C90-4A0A-9591-669058956E56}"
EndProject
Project("{FAE04EC0-301F-11D3-BF4B-00C04F79EFBC}") = "CollectionTest", "CollectionTest\CollectionTest.csproj", "{38EBB961-CF8E-42FF-B3E7-E5B3DD71337C}"
EndProject
Project("{FAE04EC0-301F-11D3-BF4B-00C04F79EFBC}") = "collections", "collections\collections.csproj", "{84B594E2-DBA4-4AE5-9E15-9FD5D3FFBDDF}"
EndProject
Project("{FAE04EC0-301F-11D3-BF4B-00C04F79EFBC}") = "lab_07_files", "lab_07_files\lab_07_files.csproj", "{CE8F9254-6961-4393-B4BA-FDBDDC5EF4BC}"
EndProject
Project("{FAE04EC0-301F-11D3-BF4B-00C04F79EFBC}") = "WpfControlLibrary1", "WpfControlLibrary1\WpfControlLibrary1.csproj", "{7748F32E-0E4C-4EE7-B9E2-C3B828928858}"
EndProject
Project("{FAE04EC0-301F-11D3-BF4B-00C04F79EFBC}") = "lab_08_files", "lab_08_files\lab_08_files.csproj", "{AE151432-CE82-4168-A55B-57A7D891CD38}"
EndProject
Project("{FAE04EC0-301F-11D3-BF4B-00C04F79EFBC}") = "lab_104_array_list_queue_stack_dict_01", "lab_104_array_list_queue_stack_dict_01\lab_104_array_list_queue_stack_dict_01.csproj", "{FB3CCAEF-442B-4EDD-96A6-751C82D5A519}"
EndProject
Project("{FAE04EC0-301F-11D3-BF4B-00C04F79EFBC}") = "lab_09_xml", "lab_09_xml\lab_09_xml.csproj", "{1A101D78-6612-4510-80DE-582517EE4FD9}"
EndProject
Project("{FAE04EC0-301F-11D3-BF4B-00C04F79EFBC}") = "lab_105_game_name_and_score_01", "lab_105_game_name_and_score_01\lab_105_game_name_and_score_01.csproj", "{423941DF-B7CF-48E3-9451-429F534788FE}"
EndProject
Project("{FAE04EC0-301F-11D3-BF4B-00C04F79EFBC}") = "lab_106_game_increase_score_01", "lab_106_game_increase_score_01\lab_106_game_increase_score_01.csproj", "{00AF81AD-6556-4B6F-B9C7-C2A2BF5E9575}"
EndProject
Project("{FAE04EC0-301F-11D3-BF4B-00C04F79EFBC}") = "lab_107_list-folders_01", "lab_107_list-folders_01\lab_107_list-folders_01.csproj", "{07E41E45-890F-488D-BE3E-1A1795E85126}"
EndProject
Project("{FAE04EC0-301F-11D3-BF4B-00C04F79EFBC}") = "lab_109_new_file_with_content_01", "lab_109_new_file_with_content_01\lab_109_new_file_with_content_01.csproj", "{11082A79-5F5C-4053-BF15-422373C92FBB}"
EndProject
Project("{FAE04EC0-301F-11D3-BF4B-00C04F79EFBC}") = "lab_108_list-files-and-folders_01", "lab_108_list-files-and-folders_01\lab_108_list-files-and-folders_01.csproj", "{02B844BB-C40F-47E7-A0A2-C94EB0957558}"
EndProject
Project("{FAE04EC0-301F-11D3-BF4B-00C04F79EFBC}") = "lab_110_entity", "lab_110_entity\lab_110_entity.csproj", "{C8862ACD-1C91-42A2-9A7A-751DC1122884}"
EndProject
Project("{FAE04EC0-301F-11D3-BF4B-00C04F79EFBC}") = "lab_101_speed-typing_01", "lab_101_speed-typing_01\lab_101_speed-typing_01.csproj", "{F607FEB6-D9E5-40A4-AC3B-EB5D79FE8D7E}"
EndProject
Project("{FAE04EC0-301F-11D3-BF4B-00C04F79EFBC}") = "lab_103_production-line_01", "lab_103_production-line_01\lab_103_production-line_01.csproj", "{B8DB88F2-3702-4B72-886A-D33664CDDCE1}"
EndProject
Project("{FAE04EC0-301F-11D3-BF4B-00C04F79EFBC}") = "lab_112_collections", "lab_112_collections\lab_112_collections.csproj", "{6163C1C8-8026-4264-A319-BC743DFF62DC}"
EndProject
Project("{FAE04EC0-301F-11D3-BF4B-00C04F79EFBC}") = "labs_test", "labs_test\labs_test.csproj", "{3FF8734C-C6A0-49D4-8857-460AA0FE8A05}"
EndProject
Project("{FAE04EC0-301F-11D3-BF4B-00C04F79EFBC}") = "lab_11_entity_GUI2", "lab_11_entity_GUI2\lab_11_entity_GUI2.csproj", "{9B38726F-5DE6-4BB8-8985-55E2466BBA92}"
EndProject
Project("{FAE04EC0-301F-11D3-BF4B-00C04F79EFBC}") = "lab_12_OOP_Revision", "lab_12_OOP_Revision\lab_12_OOP_Revision.csproj", "{4408AC86-ED42-4BEF-8B19-7F83ADA3A88C}"
EndProject
Project("{FAE04EC0-301F-11D3-BF4B-00C04F79EFBC}") = "lab_13_Polymorphism", "lab_13_Polymorphism\lab_13_Polymorphism.csproj", "{3EF4F27F-386A-4539-9934-1C9A2C96DBAD}"
EndProject
Project("{FAE04EC0-301F-11D3-BF4B-00C04F79EFBC}") = "lab_113_arraylist", "lab_113_arraylist\lab_113_arraylist.csproj", "{B6522261-3BE8-42BC-AEE1-DDF976AF6CC8}"
EndProject
Project("{FAE04EC0-301F-11D3-BF4B-00C04F79EFBC}") = "lab_114_update-entity-GUI", "lab_114_update-entity-GUI\lab_114_update-entity-GUI.csproj", "{68C02BB2-DB8D-4F4C-847D-1EBACE5A27F1}"
EndProject
Project("{FAE04EC0-301F-11D3-BF4B-00C04F79EFBC}") = "lab_115_Northwind_Entity_With_OOP", "lab_115_Northwind_Entity_With_OOP\lab_115_Northwind_Entity_With_OOP.csproj", "{57FE6EB0-5751-4492-B12B-FE92B5A6104C}"
EndProject
Project("{FAE04EC0-301F-11D3-BF4B-00C04F79EFBC}") = "lab_116_try_catch_finally", "lab_116_try_catch_finally\lab_116_try_catch_finally.csproj", "{0C98E97D-6D31-4F95-B4DC-3E98614EA80A}"
EndProject
Project("{FAE04EC0-301F-11D3-BF4B-00C04F79EFBC}") = "lab_15_panels", "lab_15_panels\lab_15_panels.csproj", "{44CED7ED-D963-4E06-88DE-F6C9E5735210}"
EndProject
Project("{FAE04EC0-301F-11D3-BF4B-00C04F79EFBC}") = "lab_117_tabs", "lab_117_tabs\lab_117_tabs.csproj", "{4B66B7C1-54FF-433B-B197-454E9E45C278}"
EndProject
Project("{FAE04EC0-301F-11D3-BF4B-00C04F79EFBC}") = "lab_16_NUnit_XUnit_Tests", "lab_16_NUnit_XUnit_Tests\lab_16_NUnit_XUnit_Tests.csproj", "{137B43EC-8FBF-4D94-A88F-12A548DD94EB}"
EndProject
Project("{9A19103F-16F7-4668-BE54-9A1E7A4F7556}") = "lab_16_MSTest", "lab_16_MSTest\lab_16_MSTest.csproj", "{6F418C85-8BDF-4F22-877E-D8507F57F8BF}"
EndProject
Project("{9A19103F-16F7-4668-BE54-9A1E7A4F7556}") = "lab_16_NUnit", "lab_16_NUnit\lab_16_NUnit.csproj", "{9F006FAE-CB78-4ADA-8E42-9B1810F37031}"
EndProject
Project("{9A19103F-16F7-4668-BE54-9A1E7A4F7556}") = "lab_16_XUnit", "lab_16_XUnit\lab_16_XUnit.csproj", "{CCA6F42C-7A4D-4727-9258-7F5EB76453E8}"
EndProject
Project("{FAE04EC0-301F-11D3-BF4B-00C04F79EFBC}") = "lab_17_debug", "lab_17_debug\lab_17_debug.csproj", "{E8C15C9B-C225-45AE-87A2-351BC2B26674}"
EndProject
Project("{FAE04EC0-301F-11D3-BF4B-00C04F79EFBC}") = "lab_18_streaming", "lab_18_streaming\lab_18_streaming.csproj", "{547EBEDF-1DB6-498D-A5FC-CC27D741CEEA}"
EndProject
Project("{FAE04EC0-301F-11D3-BF4B-00C04F79EFBC}") = "lab_19_streaming", "lab_19_streaming\lab_19_streaming.csproj", "{4291D8DC-EF8D-4D3B-AA7F-6B32AF7EE403}"
EndProject
Project("{FAE04EC0-301F-11D3-BF4B-00C04F79EFBC}") = "lab_20_streamwriter", "lab_20_streamwriter\lab_20_streamwriter.csproj", "{A46F97C4-6193-44D4-82D4-ABD7092F6879}"
EndProject
Project("{FAE04EC0-301F-11D3-BF4B-00C04F79EFBC}") = "lab_21_push_data_to_memory", "lab_21_push_data_to_memory\lab_21_push_data_to_memory.csproj", "{40B9A326-1224-4C28-A375-158994C07AB7}"
EndProject
Project("{FAE04EC0-301F-11D3-BF4B-00C04F79EFBC}") = "lab_22_http_get_async", "lab_22_http_get_async\lab_22_http_get_async.csproj", "{2695539A-0D8A-42E3-AB5B-BE25B7BA2C45}"
EndProject
Project("{FAE04EC0-301F-11D3-BF4B-00C04F79EFBC}") = "lab_118_array_of_tests", "lab_118_array_of_tests\lab_118_array_of_tests.csproj", "{6A21D37D-88B7-4914-A13C-F89B2CFD3718}"
EndProject
Project("{9A19103F-16F7-4668-BE54-9A1E7A4F7556}") = "lab_118_task_array_test", "lab_118_task_array_test\lab_118_task_array_test.csproj", "{4DF78C99-14E1-4A87-8538-F3E1DFE5F043}"
EndProject
Project("{9A19103F-16F7-4668-BE54-9A1E7A4F7556}") = "lab_26_dot_net_core_northwind", "lab_26_dot_net_core_northwind\lab_26_dot_net_core_northwind.csproj", "{0C345961-D0CA-443B-8FEA-96DD3FEB8195}"
EndProject
Project("{FAE04EC0-301F-11D3-BF4B-00C04F79EFBC}") = "lab_121_hash_set_to_excel", "lab_121_hash_set_to_excel\lab_121_hash_set_to_excel.csproj", "{E5BDD697-E96F-4757-B6D2-CEDBC7C259CD}"
EndProject
Project("{9A19103F-16F7-4668-BE54-9A1E7A4F7556}") = "lab_121_HashSet_Excel_Test", "lab_121_HashSet_Excel_Test\lab_121_HashSet_Excel_Test.csproj", "{208C99BD-A1C4-4994-9493-8F8E4765901B}"
EndProject
Project("{FAE04EC0-301F-11D3-BF4B-00C04F79EFBC}") = "lab_28_northwind_website", "lab_28_northwind_website\lab_28_northwind_website.csproj", "{F7B68CE6-BEF4-45CE-9247-F315F4A0CAB9}"
EndProject
Project("{FAE04EC0-301F-11D3-BF4B-00C04F79EFBC}") = "lab_29_ASP_DOT_NET_API", "lab_29_ASP_DOT_NET_API\lab_29_ASP_DOT_NET_API.csproj", "{14A42D47-455E-49BC-B235-F6D502BD9B8A}"
EndProject
Project("{9A19103F-16F7-4668-BE54-9A1E7A4F7556}") = "lab_30_Northwind_to_XML", "lab_30_Northwind_to_XML\lab_30_Northwind_to_XML.csproj", "{388BC565-BFA6-420E-9BB7-68445C03732F}"
EndProject
Global
	GlobalSection(SolutionConfigurationPlatforms) = preSolution
		Debug|Any CPU = Debug|Any CPU
		Release|Any CPU = Release|Any CPU
	EndGlobalSection
	GlobalSection(ProjectConfigurationPlatforms) = postSolution
		{1C3DF1AF-E883-4CA2-B337-D6BD059D717D}.Debug|Any CPU.ActiveCfg = Debug|Any CPU
		{1C3DF1AF-E883-4CA2-B337-D6BD059D717D}.Debug|Any CPU.Build.0 = Debug|Any CPU
		{1C3DF1AF-E883-4CA2-B337-D6BD059D717D}.Release|Any CPU.ActiveCfg = Release|Any CPU
		{1C3DF1AF-E883-4CA2-B337-D6BD059D717D}.Release|Any CPU.Build.0 = Release|Any CPU
		{0F30993C-DDD5-41C6-8D44-DF39CC31003F}.Debug|Any CPU.ActiveCfg = Debug|Any CPU
		{0F30993C-DDD5-41C6-8D44-DF39CC31003F}.Debug|Any CPU.Build.0 = Debug|Any CPU
		{0F30993C-DDD5-41C6-8D44-DF39CC31003F}.Release|Any CPU.ActiveCfg = Release|Any CPU
		{0F30993C-DDD5-41C6-8D44-DF39CC31003F}.Release|Any CPU.Build.0 = Release|Any CPU
		{576DD6C4-732D-4ABC-A9E7-2CF517E18B0B}.Debug|Any CPU.ActiveCfg = Debug|Any CPU
		{576DD6C4-732D-4ABC-A9E7-2CF517E18B0B}.Debug|Any CPU.Build.0 = Debug|Any CPU
		{576DD6C4-732D-4ABC-A9E7-2CF517E18B0B}.Release|Any CPU.ActiveCfg = Release|Any CPU
		{576DD6C4-732D-4ABC-A9E7-2CF517E18B0B}.Release|Any CPU.Build.0 = Release|Any CPU
		{C30C4543-38EA-4DE3-B718-F17352734D89}.Debug|Any CPU.ActiveCfg = Debug|Any CPU
		{C30C4543-38EA-4DE3-B718-F17352734D89}.Debug|Any CPU.Build.0 = Debug|Any CPU
		{C30C4543-38EA-4DE3-B718-F17352734D89}.Release|Any CPU.ActiveCfg = Release|Any CPU
		{C30C4543-38EA-4DE3-B718-F17352734D89}.Release|Any CPU.Build.0 = Release|Any CPU
		{A9C2EC5A-75A2-4322-8F53-E95A4D81220A}.Debug|Any CPU.ActiveCfg = Debug|Any CPU
		{A9C2EC5A-75A2-4322-8F53-E95A4D81220A}.Debug|Any CPU.Build.0 = Debug|Any CPU
		{A9C2EC5A-75A2-4322-8F53-E95A4D81220A}.Release|Any CPU.ActiveCfg = Release|Any CPU
		{A9C2EC5A-75A2-4322-8F53-E95A4D81220A}.Release|Any CPU.Build.0 = Release|Any CPU
		{AD51662C-385B-43E8-A3CA-85BB8C291D66}.Debug|Any CPU.ActiveCfg = Debug|Any CPU
		{AD51662C-385B-43E8-A3CA-85BB8C291D66}.Debug|Any CPU.Build.0 = Debug|Any CPU
		{AD51662C-385B-43E8-A3CA-85BB8C291D66}.Release|Any CPU.ActiveCfg = Release|Any CPU
		{AD51662C-385B-43E8-A3CA-85BB8C291D66}.Release|Any CPU.Build.0 = Release|Any CPU
		{43C623D9-1C90-4A0A-9591-669058956E56}.Debug|Any CPU.ActiveCfg = Debug|Any CPU
		{43C623D9-1C90-4A0A-9591-669058956E56}.Debug|Any CPU.Build.0 = Debug|Any CPU
		{43C623D9-1C90-4A0A-9591-669058956E56}.Release|Any CPU.ActiveCfg = Release|Any CPU
		{43C623D9-1C90-4A0A-9591-669058956E56}.Release|Any CPU.Build.0 = Release|Any CPU
		{38EBB961-CF8E-42FF-B3E7-E5B3DD71337C}.Debug|Any CPU.ActiveCfg = Debug|Any CPU
		{38EBB961-CF8E-42FF-B3E7-E5B3DD71337C}.Debug|Any CPU.Build.0 = Debug|Any CPU
		{38EBB961-CF8E-42FF-B3E7-E5B3DD71337C}.Release|Any CPU.ActiveCfg = Release|Any CPU
		{38EBB961-CF8E-42FF-B3E7-E5B3DD71337C}.Release|Any CPU.Build.0 = Release|Any CPU
		{84B594E2-DBA4-4AE5-9E15-9FD5D3FFBDDF}.Debug|Any CPU.ActiveCfg = Debug|Any CPU
		{84B594E2-DBA4-4AE5-9E15-9FD5D3FFBDDF}.Debug|Any CPU.Build.0 = Debug|Any CPU
		{84B594E2-DBA4-4AE5-9E15-9FD5D3FFBDDF}.Release|Any CPU.ActiveCfg = Release|Any CPU
		{84B594E2-DBA4-4AE5-9E15-9FD5D3FFBDDF}.Release|Any CPU.Build.0 = Release|Any CPU
		{CE8F9254-6961-4393-B4BA-FDBDDC5EF4BC}.Debug|Any CPU.ActiveCfg = Debug|Any CPU
		{CE8F9254-6961-4393-B4BA-FDBDDC5EF4BC}.Debug|Any CPU.Build.0 = Debug|Any CPU
		{CE8F9254-6961-4393-B4BA-FDBDDC5EF4BC}.Release|Any CPU.ActiveCfg = Release|Any CPU
		{CE8F9254-6961-4393-B4BA-FDBDDC5EF4BC}.Release|Any CPU.Build.0 = Release|Any CPU
		{7748F32E-0E4C-4EE7-B9E2-C3B828928858}.Debug|Any CPU.ActiveCfg = Debug|Any CPU
		{7748F32E-0E4C-4EE7-B9E2-C3B828928858}.Debug|Any CPU.Build.0 = Debug|Any CPU
		{7748F32E-0E4C-4EE7-B9E2-C3B828928858}.Release|Any CPU.ActiveCfg = Release|Any CPU
		{7748F32E-0E4C-4EE7-B9E2-C3B828928858}.Release|Any CPU.Build.0 = Release|Any CPU
		{AE151432-CE82-4168-A55B-57A7D891CD38}.Debug|Any CPU.ActiveCfg = Debug|Any CPU
		{AE151432-CE82-4168-A55B-57A7D891CD38}.Debug|Any CPU.Build.0 = Debug|Any CPU
		{AE151432-CE82-4168-A55B-57A7D891CD38}.Release|Any CPU.ActiveCfg = Release|Any CPU
		{AE151432-CE82-4168-A55B-57A7D891CD38}.Release|Any CPU.Build.0 = Release|Any CPU
		{FB3CCAEF-442B-4EDD-96A6-751C82D5A519}.Debug|Any CPU.ActiveCfg = Debug|Any CPU
		{FB3CCAEF-442B-4EDD-96A6-751C82D5A519}.Debug|Any CPU.Build.0 = Debug|Any CPU
		{FB3CCAEF-442B-4EDD-96A6-751C82D5A519}.Release|Any CPU.ActiveCfg = Release|Any CPU
		{FB3CCAEF-442B-4EDD-96A6-751C82D5A519}.Release|Any CPU.Build.0 = Release|Any CPU
		{1A101D78-6612-4510-80DE-582517EE4FD9}.Debug|Any CPU.ActiveCfg = Debug|Any CPU
		{1A101D78-6612-4510-80DE-582517EE4FD9}.Debug|Any CPU.Build.0 = Debug|Any CPU
		{1A101D78-6612-4510-80DE-582517EE4FD9}.Release|Any CPU.ActiveCfg = Release|Any CPU
		{1A101D78-6612-4510-80DE-582517EE4FD9}.Release|Any CPU.Build.0 = Release|Any CPU
		{423941DF-B7CF-48E3-9451-429F534788FE}.Debug|Any CPU.ActiveCfg = Debug|Any CPU
		{423941DF-B7CF-48E3-9451-429F534788FE}.Debug|Any CPU.Build.0 = Debug|Any CPU
		{423941DF-B7CF-48E3-9451-429F534788FE}.Release|Any CPU.ActiveCfg = Release|Any CPU
		{423941DF-B7CF-48E3-9451-429F534788FE}.Release|Any CPU.Build.0 = Release|Any CPU
		{00AF81AD-6556-4B6F-B9C7-C2A2BF5E9575}.Debug|Any CPU.ActiveCfg = Debug|Any CPU
		{00AF81AD-6556-4B6F-B9C7-C2A2BF5E9575}.Debug|Any CPU.Build.0 = Debug|Any CPU
		{00AF81AD-6556-4B6F-B9C7-C2A2BF5E9575}.Release|Any CPU.ActiveCfg = Release|Any CPU
		{00AF81AD-6556-4B6F-B9C7-C2A2BF5E9575}.Release|Any CPU.Build.0 = Release|Any CPU
		{07E41E45-890F-488D-BE3E-1A1795E85126}.Debug|Any CPU.ActiveCfg = Debug|Any CPU
		{07E41E45-890F-488D-BE3E-1A1795E85126}.Debug|Any CPU.Build.0 = Debug|Any CPU
		{07E41E45-890F-488D-BE3E-1A1795E85126}.Release|Any CPU.ActiveCfg = Release|Any CPU
		{07E41E45-890F-488D-BE3E-1A1795E85126}.Release|Any CPU.Build.0 = Release|Any CPU
		{11082A79-5F5C-4053-BF15-422373C92FBB}.Debug|Any CPU.ActiveCfg = Debug|Any CPU
		{11082A79-5F5C-4053-BF15-422373C92FBB}.Debug|Any CPU.Build.0 = Debug|Any CPU
		{11082A79-5F5C-4053-BF15-422373C92FBB}.Release|Any CPU.ActiveCfg = Release|Any CPU
		{11082A79-5F5C-4053-BF15-422373C92FBB}.Release|Any CPU.Build.0 = Release|Any CPU
		{02B844BB-C40F-47E7-A0A2-C94EB0957558}.Debug|Any CPU.ActiveCfg = Debug|Any CPU
		{02B844BB-C40F-47E7-A0A2-C94EB0957558}.Debug|Any CPU.Build.0 = Debug|Any CPU
		{02B844BB-C40F-47E7-A0A2-C94EB0957558}.Release|Any CPU.ActiveCfg = Release|Any CPU
		{02B844BB-C40F-47E7-A0A2-C94EB0957558}.Release|Any CPU.Build.0 = Release|Any CPU
		{C8862ACD-1C91-42A2-9A7A-751DC1122884}.Debug|Any CPU.ActiveCfg = Debug|Any CPU
		{C8862ACD-1C91-42A2-9A7A-751DC1122884}.Debug|Any CPU.Build.0 = Debug|Any CPU
		{C8862ACD-1C91-42A2-9A7A-751DC1122884}.Release|Any CPU.ActiveCfg = Release|Any CPU
		{C8862ACD-1C91-42A2-9A7A-751DC1122884}.Release|Any CPU.Build.0 = Release|Any CPU
		{F607FEB6-D9E5-40A4-AC3B-EB5D79FE8D7E}.Debug|Any CPU.ActiveCfg = Debug|Any CPU
		{F607FEB6-D9E5-40A4-AC3B-EB5D79FE8D7E}.Debug|Any CPU.Build.0 = Debug|Any CPU
		{F607FEB6-D9E5-40A4-AC3B-EB5D79FE8D7E}.Release|Any CPU.ActiveCfg = Release|Any CPU
		{F607FEB6-D9E5-40A4-AC3B-EB5D79FE8D7E}.Release|Any CPU.Build.0 = Release|Any CPU
		{B8DB88F2-3702-4B72-886A-D33664CDDCE1}.Debug|Any CPU.ActiveCfg = Debug|Any CPU
		{B8DB88F2-3702-4B72-886A-D33664CDDCE1}.Debug|Any CPU.Build.0 = Debug|Any CPU
		{B8DB88F2-3702-4B72-886A-D33664CDDCE1}.Release|Any CPU.ActiveCfg = Release|Any CPU
		{B8DB88F2-3702-4B72-886A-D33664CDDCE1}.Release|Any CPU.Build.0 = Release|Any CPU
		{6163C1C8-8026-4264-A319-BC743DFF62DC}.Debug|Any CPU.ActiveCfg = Debug|Any CPU
		{6163C1C8-8026-4264-A319-BC743DFF62DC}.Debug|Any CPU.Build.0 = Debug|Any CPU
		{6163C1C8-8026-4264-A319-BC743DFF62DC}.Release|Any CPU.ActiveCfg = Release|Any CPU
		{6163C1C8-8026-4264-A319-BC743DFF62DC}.Release|Any CPU.Build.0 = Release|Any CPU
		{3FF8734C-C6A0-49D4-8857-460AA0FE8A05}.Debug|Any CPU.ActiveCfg = Debug|Any CPU
		{3FF8734C-C6A0-49D4-8857-460AA0FE8A05}.Debug|Any CPU.Build.0 = Debug|Any CPU
		{3FF8734C-C6A0-49D4-8857-460AA0FE8A05}.Release|Any CPU.ActiveCfg = Release|Any CPU
		{3FF8734C-C6A0-49D4-8857-460AA0FE8A05}.Release|Any CPU.Build.0 = Release|Any CPU
		{9B38726F-5DE6-4BB8-8985-55E2466BBA92}.Debug|Any CPU.ActiveCfg = Debug|Any CPU
		{9B38726F-5DE6-4BB8-8985-55E2466BBA92}.Debug|Any CPU.Build.0 = Debug|Any CPU
		{9B38726F-5DE6-4BB8-8985-55E2466BBA92}.Release|Any CPU.ActiveCfg = Release|Any CPU
		{9B38726F-5DE6-4BB8-8985-55E2466BBA92}.Release|Any CPU.Build.0 = Release|Any CPU
		{4408AC86-ED42-4BEF-8B19-7F83ADA3A88C}.Debug|Any CPU.ActiveCfg = Debug|Any CPU
		{4408AC86-ED42-4BEF-8B19-7F83ADA3A88C}.Debug|Any CPU.Build.0 = Debug|Any CPU
		{4408AC86-ED42-4BEF-8B19-7F83ADA3A88C}.Release|Any CPU.ActiveCfg = Release|Any CPU
		{4408AC86-ED42-4BEF-8B19-7F83ADA3A88C}.Release|Any CPU.Build.0 = Release|Any CPU
		{3EF4F27F-386A-4539-9934-1C9A2C96DBAD}.Debug|Any CPU.ActiveCfg = Debug|Any CPU
		{3EF4F27F-386A-4539-9934-1C9A2C96DBAD}.Debug|Any CPU.Build.0 = Debug|Any CPU
		{3EF4F27F-386A-4539-9934-1C9A2C96DBAD}.Release|Any CPU.ActiveCfg = Release|Any CPU
		{3EF4F27F-386A-4539-9934-1C9A2C96DBAD}.Release|Any CPU.Build.0 = Release|Any CPU
		{B6522261-3BE8-42BC-AEE1-DDF976AF6CC8}.Debug|Any CPU.ActiveCfg = Debug|Any CPU
		{B6522261-3BE8-42BC-AEE1-DDF976AF6CC8}.Debug|Any CPU.Build.0 = Debug|Any CPU
		{B6522261-3BE8-42BC-AEE1-DDF976AF6CC8}.Release|Any CPU.ActiveCfg = Release|Any CPU
		{B6522261-3BE8-42BC-AEE1-DDF976AF6CC8}.Release|Any CPU.Build.0 = Release|Any CPU
		{68C02BB2-DB8D-4F4C-847D-1EBACE5A27F1}.Debug|Any CPU.ActiveCfg = Debug|Any CPU
		{68C02BB2-DB8D-4F4C-847D-1EBACE5A27F1}.Debug|Any CPU.Build.0 = Debug|Any CPU
		{68C02BB2-DB8D-4F4C-847D-1EBACE5A27F1}.Release|Any CPU.ActiveCfg = Release|Any CPU
		{68C02BB2-DB8D-4F4C-847D-1EBACE5A27F1}.Release|Any CPU.Build.0 = Release|Any CPU
		{57FE6EB0-5751-4492-B12B-FE92B5A6104C}.Debug|Any CPU.ActiveCfg = Debug|Any CPU
		{57FE6EB0-5751-4492-B12B-FE92B5A6104C}.Debug|Any CPU.Build.0 = Debug|Any CPU
		{57FE6EB0-5751-4492-B12B-FE92B5A6104C}.Release|Any CPU.ActiveCfg = Release|Any CPU
		{57FE6EB0-5751-4492-B12B-FE92B5A6104C}.Release|Any CPU.Build.0 = Release|Any CPU
		{0C98E97D-6D31-4F95-B4DC-3E98614EA80A}.Debug|Any CPU.ActiveCfg = Debug|Any CPU
		{0C98E97D-6D31-4F95-B4DC-3E98614EA80A}.Debug|Any CPU.Build.0 = Debug|Any CPU
		{0C98E97D-6D31-4F95-B4DC-3E98614EA80A}.Release|Any CPU.ActiveCfg = Release|Any CPU
		{0C98E97D-6D31-4F95-B4DC-3E98614EA80A}.Release|Any CPU.Build.0 = Release|Any CPU
		{44CED7ED-D963-4E06-88DE-F6C9E5735210}.Debug|Any CPU.ActiveCfg = Debug|Any CPU
		{44CED7ED-D963-4E06-88DE-F6C9E5735210}.Debug|Any CPU.Build.0 = Debug|Any CPU
		{44CED7ED-D963-4E06-88DE-F6C9E5735210}.Release|Any CPU.ActiveCfg = Release|Any CPU
		{44CED7ED-D963-4E06-88DE-F6C9E5735210}.Release|Any CPU.Build.0 = Release|Any CPU
		{4B66B7C1-54FF-433B-B197-454E9E45C278}.Debug|Any CPU.ActiveCfg = Debug|Any CPU
		{4B66B7C1-54FF-433B-B197-454E9E45C278}.Debug|Any CPU.Build.0 = Debug|Any CPU
		{4B66B7C1-54FF-433B-B197-454E9E45C278}.Release|Any CPU.ActiveCfg = Release|Any CPU
		{4B66B7C1-54FF-433B-B197-454E9E45C278}.Release|Any CPU.Build.0 = Release|Any CPU
		{137B43EC-8FBF-4D94-A88F-12A548DD94EB}.Debug|Any CPU.ActiveCfg = Debug|Any CPU
		{137B43EC-8FBF-4D94-A88F-12A548DD94EB}.Debug|Any CPU.Build.0 = Debug|Any CPU
		{137B43EC-8FBF-4D94-A88F-12A548DD94EB}.Release|Any CPU.ActiveCfg = Release|Any CPU
		{137B43EC-8FBF-4D94-A88F-12A548DD94EB}.Release|Any CPU.Build.0 = Release|Any CPU
		{6F418C85-8BDF-4F22-877E-D8507F57F8BF}.Debug|Any CPU.ActiveCfg = Debug|Any CPU
		{6F418C85-8BDF-4F22-877E-D8507F57F8BF}.Debug|Any CPU.Build.0 = Debug|Any CPU
		{6F418C85-8BDF-4F22-877E-D8507F57F8BF}.Release|Any CPU.ActiveCfg = Release|Any CPU
		{6F418C85-8BDF-4F22-877E-D8507F57F8BF}.Release|Any CPU.Build.0 = Release|Any CPU
		{9F006FAE-CB78-4ADA-8E42-9B1810F37031}.Debug|Any CPU.ActiveCfg = Debug|Any CPU
		{9F006FAE-CB78-4ADA-8E42-9B1810F37031}.Debug|Any CPU.Build.0 = Debug|Any CPU
		{9F006FAE-CB78-4ADA-8E42-9B1810F37031}.Release|Any CPU.ActiveCfg = Release|Any CPU
		{9F006FAE-CB78-4ADA-8E42-9B1810F37031}.Release|Any CPU.Build.0 = Release|Any CPU
		{CCA6F42C-7A4D-4727-9258-7F5EB76453E8}.Debug|Any CPU.ActiveCfg = Debug|Any CPU
		{CCA6F42C-7A4D-4727-9258-7F5EB76453E8}.Debug|Any CPU.Build.0 = Debug|Any CPU
		{CCA6F42C-7A4D-4727-9258-7F5EB76453E8}.Release|Any CPU.ActiveCfg = Release|Any CPU
		{CCA6F42C-7A4D-4727-9258-7F5EB76453E8}.Release|Any CPU.Build.0 = Release|Any CPU
		{E8C15C9B-C225-45AE-87A2-351BC2B26674}.Debug|Any CPU.ActiveCfg = Debug|Any CPU
		{E8C15C9B-C225-45AE-87A2-351BC2B26674}.Debug|Any CPU.Build.0 = Debug|Any CPU
		{E8C15C9B-C225-45AE-87A2-351BC2B26674}.Release|Any CPU.ActiveCfg = Release|Any CPU
		{E8C15C9B-C225-45AE-87A2-351BC2B26674}.Release|Any CPU.Build.0 = Release|Any CPU
		{547EBEDF-1DB6-498D-A5FC-CC27D741CEEA}.Debug|Any CPU.ActiveCfg = Debug|Any CPU
		{547EBEDF-1DB6-498D-A5FC-CC27D741CEEA}.Debug|Any CPU.Build.0 = Debug|Any CPU
		{547EBEDF-1DB6-498D-A5FC-CC27D741CEEA}.Release|Any CPU.ActiveCfg = Release|Any CPU
		{547EBEDF-1DB6-498D-A5FC-CC27D741CEEA}.Release|Any CPU.Build.0 = Release|Any CPU
		{4291D8DC-EF8D-4D3B-AA7F-6B32AF7EE403}.Debug|Any CPU.ActiveCfg = Debug|Any CPU
		{4291D8DC-EF8D-4D3B-AA7F-6B32AF7EE403}.Debug|Any CPU.Build.0 = Debug|Any CPU
		{4291D8DC-EF8D-4D3B-AA7F-6B32AF7EE403}.Release|Any CPU.ActiveCfg = Release|Any CPU
		{4291D8DC-EF8D-4D3B-AA7F-6B32AF7EE403}.Release|Any CPU.Build.0 = Release|Any CPU
		{A46F97C4-6193-44D4-82D4-ABD7092F6879}.Debug|Any CPU.ActiveCfg = Debug|Any CPU
		{A46F97C4-6193-44D4-82D4-ABD7092F6879}.Debug|Any CPU.Build.0 = Debug|Any CPU
		{A46F97C4-6193-44D4-82D4-ABD7092F6879}.Release|Any CPU.ActiveCfg = Release|Any CPU
		{A46F97C4-6193-44D4-82D4-ABD7092F6879}.Release|Any CPU.Build.0 = Release|Any CPU
		{40B9A326-1224-4C28-A375-158994C07AB7}.Debug|Any CPU.ActiveCfg = Debug|Any CPU
		{40B9A326-1224-4C28-A375-158994C07AB7}.Debug|Any CPU.Build.0 = Debug|Any CPU
		{40B9A326-1224-4C28-A375-158994C07AB7}.Release|Any CPU.ActiveCfg = Release|Any CPU
		{40B9A326-1224-4C28-A375-158994C07AB7}.Release|Any CPU.Build.0 = Release|Any CPU
		{2695539A-0D8A-42E3-AB5B-BE25B7BA2C45}.Debug|Any CPU.ActiveCfg = Debug|Any CPU
		{2695539A-0D8A-42E3-AB5B-BE25B7BA2C45}.Debug|Any CPU.Build.0 = Debug|Any CPU
		{2695539A-0D8A-42E3-AB5B-BE25B7BA2C45}.Release|Any CPU.ActiveCfg = Release|Any CPU
		{2695539A-0D8A-42E3-AB5B-BE25B7BA2C45}.Release|Any CPU.Build.0 = Release|Any CPU
		{6A21D37D-88B7-4914-A13C-F89B2CFD3718}.Debug|Any CPU.ActiveCfg = Debug|Any CPU
		{6A21D37D-88B7-4914-A13C-F89B2CFD3718}.Debug|Any CPU.Build.0 = Debug|Any CPU
		{6A21D37D-88B7-4914-A13C-F89B2CFD3718}.Release|Any CPU.ActiveCfg = Release|Any CPU
		{6A21D37D-88B7-4914-A13C-F89B2CFD3718}.Release|Any CPU.Build.0 = Release|Any CPU
		{4DF78C99-14E1-4A87-8538-F3E1DFE5F043}.Debug|Any CPU.ActiveCfg = Debug|Any CPU
		{4DF78C99-14E1-4A87-8538-F3E1DFE5F043}.Debug|Any CPU.Build.0 = Debug|Any CPU
		{4DF78C99-14E1-4A87-8538-F3E1DFE5F043}.Release|Any CPU.ActiveCfg = Release|Any CPU
		{4DF78C99-14E1-4A87-8538-F3E1DFE5F043}.Release|Any CPU.Build.0 = Release|Any CPU
		{0C345961-D0CA-443B-8FEA-96DD3FEB8195}.Debug|Any CPU.ActiveCfg = Debug|Any CPU
		{0C345961-D0CA-443B-8FEA-96DD3FEB8195}.Debug|Any CPU.Build.0 = Debug|Any CPU
		{0C345961-D0CA-443B-8FEA-96DD3FEB8195}.Release|Any CPU.ActiveCfg = Release|Any CPU
		{0C345961-D0CA-443B-8FEA-96DD3FEB8195}.Release|Any CPU.Build.0 = Release|Any CPU
		{E5BDD697-E96F-4757-B6D2-CEDBC7C259CD}.Debug|Any CPU.ActiveCfg = Debug|Any CPU
		{E5BDD697-E96F-4757-B6D2-CEDBC7C259CD}.Debug|Any CPU.Build.0 = Debug|Any CPU
		{E5BDD697-E96F-4757-B6D2-CEDBC7C259CD}.Release|Any CPU.ActiveCfg = Release|Any CPU
		{E5BDD697-E96F-4757-B6D2-CEDBC7C259CD}.Release|Any CPU.Build.0 = Release|Any CPU
		{208C99BD-A1C4-4994-9493-8F8E4765901B}.Debug|Any CPU.ActiveCfg = Debug|Any CPU
		{208C99BD-A1C4-4994-9493-8F8E4765901B}.Debug|Any CPU.Build.0 = Debug|Any CPU
		{208C99BD-A1C4-4994-9493-8F8E4765901B}.Release|Any CPU.ActiveCfg = Release|Any CPU
		{208C99BD-A1C4-4994-9493-8F8E4765901B}.Release|Any CPU.Build.0 = Release|Any CPU
		{F7B68CE6-BEF4-45CE-9247-F315F4A0CAB9}.Debug|Any CPU.ActiveCfg = Debug|Any CPU
		{F7B68CE6-BEF4-45CE-9247-F315F4A0CAB9}.Debug|Any CPU.Build.0 = Debug|Any CPU
		{F7B68CE6-BEF4-45CE-9247-F315F4A0CAB9}.Release|Any CPU.ActiveCfg = Release|Any CPU
		{F7B68CE6-BEF4-45CE-9247-F315F4A0CAB9}.Release|Any CPU.Build.0 = Release|Any CPU
		{14A42D47-455E-49BC-B235-F6D502BD9B8A}.Debug|Any CPU.ActiveCfg = Debug|Any CPU
		{14A42D47-455E-49BC-B235-F6D502BD9B8A}.Debug|Any CPU.Build.0 = Debug|Any CPU
		{14A42D47-455E-49BC-B235-F6D502BD9B8A}.Release|Any CPU.ActiveCfg = Release|Any CPU
		{14A42D47-455E-49BC-B235-F6D502BD9B8A}.Release|Any CPU.Build.0 = Release|Any CPU
		{388BC565-BFA6-420E-9BB7-68445C03732F}.Debug|Any CPU.ActiveCfg = Debug|Any CPU
		{388BC565-BFA6-420E-9BB7-68445C03732F}.Debug|Any CPU.Build.0 = Debug|Any CPU
		{388BC565-BFA6-420E-9BB7-68445C03732F}.Release|Any CPU.ActiveCfg = Release|Any CPU
		{388BC565-BFA6-420E-9BB7-68445C03732F}.Release|Any CPU.Build.0 = Release|Any CPU
	EndGlobalSection
	GlobalSection(SolutionProperties) = preSolution
		HideSolutionNode = FALSE
	EndGlobalSection
	GlobalSection(ExtensibilityGlobals) = postSolution
		SolutionGuid = {7455242D-A591-4D69-A120-F655A79316E0}
	EndGlobalSection
EndGlobal
